// !$*UTF8*$!
{
	archiveVersion = 1;
	classes = {
	};
	objectVersion = 50;
	objects = {

/* Begin PBXBuildFile section */
		D066F7D6216E13700056F76A /* AppDelegate.swift in Sources */ = {isa = PBXBuildFile; fileRef = D066F7D5216E13700056F76A /* AppDelegate.swift */; };
		D066F7D8216E13700056F76A /* ViewController.swift in Sources */ = {isa = PBXBuildFile; fileRef = D066F7D7216E13700056F76A /* ViewController.swift */; };
		D066F7DD216E13740056F76A /* Assets.xcassets in Resources */ = {isa = PBXBuildFile; fileRef = D066F7DC216E13740056F76A /* Assets.xcassets */; };
		D066F7E0216E13740056F76A /* LaunchScreen.storyboard in Resources */ = {isa = PBXBuildFile; fileRef = D066F7DE216E13740056F76A /* LaunchScreen.storyboard */; };
		D066F7E8216E13C40056F76A /* CurrencyCounter.swift in Sources */ = {isa = PBXBuildFile; fileRef = D066F7E7216E13C40056F76A /* CurrencyCounter.swift */; };
		D066F7EA216E146F0056F76A /* DigitTicker.swift in Sources */ = {isa = PBXBuildFile; fileRef = D066F7E9216E146F0056F76A /* DigitTicker.swift */; };
		D066F7FA216E1CDD0056F76A /* CurrencyCounterTests.swift in Sources */ = {isa = PBXBuildFile; fileRef = D066F7F9216E1CDD0056F76A /* CurrencyCounterTests.swift */; };
/* End PBXBuildFile section */

/* Begin PBXContainerItemProxy section */
		D066F7F4216E1CD00056F76A /* PBXContainerItemProxy */ = {
			isa = PBXContainerItemProxy;
			containerPortal = D066F7CA216E13700056F76A /* Project object */;
			proxyType = 1;
			remoteGlobalIDString = D066F7D1216E13700056F76A;
			remoteInfo = CurrencyCounter;
		};
/* End PBXContainerItemProxy section */

/* Begin PBXFileReference section */
		D066F7D2216E13700056F76A /* CurrencyCounter.app */ = {isa = PBXFileReference; explicitFileType = wrapper.application; includeInIndex = 0; path = CurrencyCounter.app; sourceTree = BUILT_PRODUCTS_DIR; };
		D066F7D5216E13700056F76A /* AppDelegate.swift */ = {isa = PBXFileReference; lastKnownFileType = sourcecode.swift; path = AppDelegate.swift; sourceTree = "<group>"; };
		D066F7D7216E13700056F76A /* ViewController.swift */ = {isa = PBXFileReference; lastKnownFileType = sourcecode.swift; path = ViewController.swift; sourceTree = "<group>"; };
		D066F7DC216E13740056F76A /* Assets.xcassets */ = {isa = PBXFileReference; lastKnownFileType = folder.assetcatalog; path = Assets.xcassets; sourceTree = "<group>"; };
		D066F7DF216E13740056F76A /* Base */ = {isa = PBXFileReference; lastKnownFileType = file.storyboard; name = Base; path = Base.lproj/LaunchScreen.storyboard; sourceTree = "<group>"; };
		D066F7E1216E13740056F76A /* Info.plist */ = {isa = PBXFileReference; lastKnownFileType = text.plist.xml; path = Info.plist; sourceTree = "<group>"; };
		D066F7E7216E13C40056F76A /* CurrencyCounter.swift */ = {isa = PBXFileReference; lastKnownFileType = sourcecode.swift; path = CurrencyCounter.swift; sourceTree = "<group>"; };
		D066F7E9216E146F0056F76A /* DigitTicker.swift */ = {isa = PBXFileReference; lastKnownFileType = sourcecode.swift; path = DigitTicker.swift; sourceTree = "<group>"; };
		D066F7EF216E1CD00056F76A /* CurrencyCounterTests.xctest */ = {isa = PBXFileReference; explicitFileType = wrapper.cfbundle; includeInIndex = 0; path = CurrencyCounterTests.xctest; sourceTree = BUILT_PRODUCTS_DIR; };
		D066F7F3216E1CD00056F76A /* Info.plist */ = {isa = PBXFileReference; lastKnownFileType = text.plist.xml; path = Info.plist; sourceTree = "<group>"; };
		D066F7F9216E1CDD0056F76A /* CurrencyCounterTests.swift */ = {isa = PBXFileReference; lastKnownFileType = sourcecode.swift; path = CurrencyCounterTests.swift; sourceTree = "<group>"; };
/* End PBXFileReference section */

/* Begin PBXFrameworksBuildPhase section */
		D066F7CF216E13700056F76A /* Frameworks */ = {
			isa = PBXFrameworksBuildPhase;
			buildActionMask = 2147483647;
			files = (
			);
			runOnlyForDeploymentPostprocessing = 0;
		};
		D066F7EC216E1CD00056F76A /* Frameworks */ = {
			isa = PBXFrameworksBuildPhase;
			buildActionMask = 2147483647;
			files = (
			);
			runOnlyForDeploymentPostprocessing = 0;
		};
/* End PBXFrameworksBuildPhase section */

/* Begin PBXGroup section */
		D066F7C9216E13700056F76A = {
			isa = PBXGroup;
			children = (
				D066F7D4216E13700056F76A /* CurrencyCounter */,
				D066F7F0216E1CD00056F76A /* CurrencyCounterTests */,
				D066F7D3216E13700056F76A /* Products */,
			);
			sourceTree = "<group>";
		};
		D066F7D3216E13700056F76A /* Products */ = {
			isa = PBXGroup;
			children = (
				D066F7D2216E13700056F76A /* CurrencyCounter.app */,
				D066F7EF216E1CD00056F76A /* CurrencyCounterTests.xctest */,
			);
			name = Products;
			sourceTree = "<group>";
		};
		D066F7D4216E13700056F76A /* CurrencyCounter */ = {
			isa = PBXGroup;
			children = (
				D066F7E1216E13740056F76A /* Info.plist */,
				D066F7D5216E13700056F76A /* AppDelegate.swift */,
				D066F7E7216E13C40056F76A /* CurrencyCounter.swift */,
				D066F7F9216E1CDD0056F76A /* CurrencyCounterTests.swift */,
				D066F7E9216E146F0056F76A /* DigitTicker.swift */,
				D066F7D7216E13700056F76A /* ViewController.swift */,
				D08CDAB6216F752200BC7031 /* Resources */,
			);
			path = CurrencyCounter;
			sourceTree = "<group>";
		};
		D066F7F0216E1CD00056F76A /* CurrencyCounterTests */ = {
			isa = PBXGroup;
			children = (
				D066F7F3216E1CD00056F76A /* Info.plist */,
			);
			path = CurrencyCounterTests;
			sourceTree = "<group>";
		};
		D08CDAB6216F752200BC7031 /* Resources */ = {
			isa = PBXGroup;
			children = (
				D066F7DC216E13740056F76A /* Assets.xcassets */,
				D066F7DE216E13740056F76A /* LaunchScreen.storyboard */,
			);
			path = Resources;
			sourceTree = "<group>";
		};
/* End PBXGroup section */

/* Begin PBXNativeTarget section */
		D066F7D1216E13700056F76A /* CurrencyCounter */ = {
			isa = PBXNativeTarget;
			buildConfigurationList = D066F7E4216E13740056F76A /* Build configuration list for PBXNativeTarget "CurrencyCounter" */;
			buildPhases = (
				D066F7CE216E13700056F76A /* Sources */,
				D066F7CF216E13700056F76A /* Frameworks */,
				D066F7D0216E13700056F76A /* Resources */,
			);
			buildRules = (
			);
			dependencies = (
			);
			name = CurrencyCounter;
			productName = CurrencyCounter;
			productReference = D066F7D2216E13700056F76A /* CurrencyCounter.app */;
			productType = "com.apple.product-type.application";
		};
		D066F7EE216E1CD00056F76A /* CurrencyCounterTests */ = {
			isa = PBXNativeTarget;
			buildConfigurationList = D066F7F6216E1CD00056F76A /* Build configuration list for PBXNativeTarget "CurrencyCounterTests" */;
			buildPhases = (
				D066F7EB216E1CD00056F76A /* Sources */,
				D066F7EC216E1CD00056F76A /* Frameworks */,
				D066F7ED216E1CD00056F76A /* Resources */,
			);
			buildRules = (
			);
			dependencies = (
				D066F7F5216E1CD00056F76A /* PBXTargetDependency */,
			);
			name = CurrencyCounterTests;
			productName = CurrencyCounterTests;
			productReference = D066F7EF216E1CD00056F76A /* CurrencyCounterTests.xctest */;
			productType = "com.apple.product-type.bundle.unit-test";
		};
/* End PBXNativeTarget section */

/* Begin PBXProject section */
		D066F7CA216E13700056F76A /* Project object */ = {
			isa = PBXProject;
			attributes = {
				LastSwiftUpdateCheck = 1000;
				LastUpgradeCheck = 1000;
				ORGANIZATIONNAME = "Peter Stuart";
				TargetAttributes = {
					D066F7D1216E13700056F76A = {
						CreatedOnToolsVersion = 10.0;
					};
					D066F7EE216E1CD00056F76A = {
						CreatedOnToolsVersion = 10.0;
						TestTargetID = D066F7D1216E13700056F76A;
					};
				};
			};
			buildConfigurationList = D066F7CD216E13700056F76A /* Build configuration list for PBXProject "CurrencyCounter" */;
			compatibilityVersion = "Xcode 9.3";
			developmentRegion = en;
			hasScannedForEncodings = 0;
			knownRegions = (
				en,
				Base,
			);
			mainGroup = D066F7C9216E13700056F76A;
			productRefGroup = D066F7D3216E13700056F76A /* Products */;
			projectDirPath = "";
			projectRoot = "";
			targets = (
				D066F7D1216E13700056F76A /* CurrencyCounter */,
				D066F7EE216E1CD00056F76A /* CurrencyCounterTests */,
			);
		};
/* End PBXProject section */

/* Begin PBXResourcesBuildPhase section */
		D066F7D0216E13700056F76A /* Resources */ = {
			isa = PBXResourcesBuildPhase;
			buildActionMask = 2147483647;
			files = (
				D066F7E0216E13740056F76A /* LaunchScreen.storyboard in Resources */,
				D066F7DD216E13740056F76A /* Assets.xcassets in Resources */,
			);
			runOnlyForDeploymentPostprocessing = 0;
		};
		D066F7ED216E1CD00056F76A /* Resources */ = {
			isa = PBXResourcesBuildPhase;
			buildActionMask = 2147483647;
			files = (
			);
			runOnlyForDeploymentPostprocessing = 0;
		};
/* End PBXResourcesBuildPhase section */

/* Begin PBXSourcesBuildPhase section */
		D066F7CE216E13700056F76A /* Sources */ = {
			isa = PBXSourcesBuildPhase;
			buildActionMask = 2147483647;
			files = (
				D066F7D8216E13700056F76A /* ViewController.swift in Sources */,
				D066F7E8216E13C40056F76A /* CurrencyCounter.swift in Sources */,
				D066F7D6216E13700056F76A /* AppDelegate.swift in Sources */,
				D066F7EA216E146F0056F76A /* DigitTicker.swift in Sources */,
			);
			runOnlyForDeploymentPostprocessing = 0;
		};
		D066F7EB216E1CD00056F76A /* Sources */ = {
			isa = PBXSourcesBuildPhase;
			buildActionMask = 2147483647;
			files = (
				D066F7FA216E1CDD0056F76A /* CurrencyCounterTests.swift in Sources */,
			);
			runOnlyForDeploymentPostprocessing = 0;
		};
/* End PBXSourcesBuildPhase section */

/* Begin PBXTargetDependency section */
		D066F7F5216E1CD00056F76A /* PBXTargetDependency */ = {
			isa = PBXTargetDependency;
			target = D066F7D1216E13700056F76A /* CurrencyCounter */;
			targetProxy = D066F7F4216E1CD00056F76A /* PBXContainerItemProxy */;
		};
/* End PBXTargetDependency section */

/* Begin PBXVariantGroup section */
		D066F7DE216E13740056F76A /* LaunchScreen.storyboard */ = {
			isa = PBXVariantGroup;
			children = (
				D066F7DF216E13740056F76A /* Base */,
			);
			name = LaunchScreen.storyboard;
			sourceTree = "<group>";
		};
/* End PBXVariantGroup section */

/* Begin XCBuildConfiguration section */
		D066F7E2216E13740056F76A /* Debug */ = {
			isa = XCBuildConfiguration;
			buildSettings = {
				ALWAYS_SEARCH_USER_PATHS = NO;
				CLANG_ANALYZER_NONNULL = YES;
				CLANG_ANALYZER_NUMBER_OBJECT_CONVERSION = YES_AGGRESSIVE;
				CLANG_CXX_LANGUAGE_STANDARD = "gnu++14";
				CLANG_CXX_LIBRARY = "libc++";
				CLANG_ENABLE_MODULES = YES;
				CLANG_ENABLE_OBJC_ARC = YES;
				CLANG_ENABLE_OBJC_WEAK = YES;
				CLANG_WARN_BLOCK_CAPTURE_AUTORELEASING = YES;
				CLANG_WARN_BOOL_CONVERSION = YES;
				CLANG_WARN_COMMA = YES;
				CLANG_WARN_CONSTANT_CONVERSION = YES;
				CLANG_WARN_DEPRECATED_OBJC_IMPLEMENTATIONS = YES;
				CLANG_WARN_DIRECT_OBJC_ISA_USAGE = YES_ERROR;
				CLANG_WARN_DOCUMENTATION_COMMENTS = YES;
				CLANG_WARN_EMPTY_BODY = YES;
				CLANG_WARN_ENUM_CONVERSION = YES;
				CLANG_WARN_INFINITE_RECURSION = YES;
				CLANG_WARN_INT_CONVERSION = YES;
				CLANG_WARN_NON_LITERAL_NULL_CONVERSION = YES;
				CLANG_WARN_OBJC_IMPLICIT_RETAIN_SELF = YES;
				CLANG_WARN_OBJC_LITERAL_CONVERSION = YES;
				CLANG_WARN_OBJC_ROOT_CLASS = YES_ERROR;
				CLANG_WARN_RANGE_LOOP_ANALYSIS = YES;
				CLANG_WARN_STRICT_PROTOTYPES = YES;
				CLANG_WARN_SUSPICIOUS_MOVE = YES;
				CLANG_WARN_UNGUARDED_AVAILABILITY = YES_AGGRESSIVE;
				CLANG_WARN_UNREACHABLE_CODE = YES;
				CLANG_WARN__DUPLICATE_METHOD_MATCH = YES;
				CODE_SIGN_IDENTITY = "iPhone Developer";
				COPY_PHASE_STRIP = NO;
				DEBUG_INFORMATION_FORMAT = dwarf;
				ENABLE_STRICT_OBJC_MSGSEND = YES;
				ENABLE_TESTABILITY = YES;
				GCC_C_LANGUAGE_STANDARD = gnu11;
				GCC_DYNAMIC_NO_PIC = NO;
				GCC_NO_COMMON_BLOCKS = YES;
				GCC_OPTIMIZATION_LEVEL = 0;
				GCC_PREPROCESSOR_DEFINITIONS = (
					"DEBUG=1",
					"$(inherited)",
				);
				GCC_WARN_64_TO_32_BIT_CONVERSION = YES;
				GCC_WARN_ABOUT_RETURN_TYPE = YES_ERROR;
				GCC_WARN_UNDECLARED_SELECTOR = YES;
				GCC_WARN_UNINITIALIZED_AUTOS = YES_AGGRESSIVE;
				GCC_WARN_UNUSED_FUNCTION = YES;
				GCC_WARN_UNUSED_VARIABLE = YES;
				IPHONEOS_DEPLOYMENT_TARGET = 12.0;
				MTL_ENABLE_DEBUG_INFO = INCLUDE_SOURCE;
				MTL_FAST_MATH = YES;
				ONLY_ACTIVE_ARCH = YES;
				SDKROOT = iphoneos;
				SWIFT_ACTIVE_COMPILATION_CONDITIONS = DEBUG;
				SWIFT_OPTIMIZATION_LEVEL = "-Onone";
			};
			name = Debug;
		};
		D066F7E3216E13740056F76A /* Release */ = {
			isa = XCBuildConfiguration;
			buildSettings = {
				ALWAYS_SEARCH_USER_PATHS = NO;
				CLANG_ANALYZER_NONNULL = YES;
				CLANG_ANALYZER_NUMBER_OBJECT_CONVERSION = YES_AGGRESSIVE;
				CLANG_CXX_LANGUAGE_STANDARD = "gnu++14";
				CLANG_CXX_LIBRARY = "libc++";
				CLANG_ENABLE_MODULES = YES;
				CLANG_ENABLE_OBJC_ARC = YES;
				CLANG_ENABLE_OBJC_WEAK = YES;
				CLANG_WARN_BLOCK_CAPTURE_AUTORELEASING = YES;
				CLANG_WARN_BOOL_CONVERSION = YES;
				CLANG_WARN_COMMA = YES;
				CLANG_WARN_CONSTANT_CONVERSION = YES;
				CLANG_WARN_DEPRECATED_OBJC_IMPLEMENTATIONS = YES;
				CLANG_WARN_DIRECT_OBJC_ISA_USAGE = YES_ERROR;
				CLANG_WARN_DOCUMENTATION_COMMENTS = YES;
				CLANG_WARN_EMPTY_BODY = YES;
				CLANG_WARN_ENUM_CONVERSION = YES;
				CLANG_WARN_INFINITE_RECURSION = YES;
				CLANG_WARN_INT_CONVERSION = YES;
				CLANG_WARN_NON_LITERAL_NULL_CONVERSION = YES;
				CLANG_WARN_OBJC_IMPLICIT_RETAIN_SELF = YES;
				CLANG_WARN_OBJC_LITERAL_CONVERSION = YES;
				CLANG_WARN_OBJC_ROOT_CLASS = YES_ERROR;
				CLANG_WARN_RANGE_LOOP_ANALYSIS = YES;
				CLANG_WARN_STRICT_PROTOTYPES = YES;
				CLANG_WARN_SUSPICIOUS_MOVE = YES;
				CLANG_WARN_UNGUARDED_AVAILABILITY = YES_AGGRESSIVE;
				CLANG_WARN_UNREACHABLE_CODE = YES;
				CLANG_WARN__DUPLICATE_METHOD_MATCH = YES;
				CODE_SIGN_IDENTITY = "iPhone Developer";
				COPY_PHASE_STRIP = NO;
				DEBUG_INFORMATION_FORMAT = "dwarf-with-dsym";
				ENABLE_NS_ASSERTIONS = NO;
				ENABLE_STRICT_OBJC_MSGSEND = YES;
				GCC_C_LANGUAGE_STANDARD = gnu11;
				GCC_NO_COMMON_BLOCKS = YES;
				GCC_WARN_64_TO_32_BIT_CONVERSION = YES;
				GCC_WARN_ABOUT_RETURN_TYPE = YES_ERROR;
				GCC_WARN_UNDECLARED_SELECTOR = YES;
				GCC_WARN_UNINITIALIZED_AUTOS = YES_AGGRESSIVE;
				GCC_WARN_UNUSED_FUNCTION = YES;
				GCC_WARN_UNUSED_VARIABLE = YES;
				IPHONEOS_DEPLOYMENT_TARGET = 12.0;
				MTL_ENABLE_DEBUG_INFO = NO;
				MTL_FAST_MATH = YES;
				SDKROOT = iphoneos;
				SWIFT_COMPILATION_MODE = wholemodule;
				SWIFT_OPTIMIZATION_LEVEL = "-O";
				VALIDATE_PRODUCT = YES;
			};
			name = Release;
		};
		D066F7E5216E13740056F76A /* Debug */ = {
			isa = XCBuildConfiguration;
			buildSettings = {
				ASSETCATALOG_COMPILER_APPICON_NAME = AppIcon;
				CODE_SIGN_STYLE = Automatic;
				INFOPLIST_FILE = CurrencyCounter/Info.plist;
				LD_RUNPATH_SEARCH_PATHS = (
					"$(inherited)",
					"@executable_path/Frameworks",
				);
				PRODUCT_BUNDLE_IDENTIFIER = org.peterstuart.CurrencyCounter;
				PRODUCT_NAME = "$(TARGET_NAME)";
				SWIFT_VERSION = 4.2;
				TARGETED_DEVICE_FAMILY = "1,2";
			};
			name = Debug;
		};
		D066F7E6216E13740056F76A /* Release */ = {
			isa = XCBuildConfiguration;
			buildSettings = {
				ASSETCATALOG_COMPILER_APPICON_NAME = AppIcon;
				CODE_SIGN_STYLE = Automatic;
				INFOPLIST_FILE = CurrencyCounter/Info.plist;
				LD_RUNPATH_SEARCH_PATHS = (
					"$(inherited)",
					"@executable_path/Frameworks",
				);
				PRODUCT_BUNDLE_IDENTIFIER = org.peterstuart.CurrencyCounter;
				PRODUCT_NAME = "$(TARGET_NAME)";
				SWIFT_VERSION = 4.2;
				TARGETED_DEVICE_FAMILY = "1,2";
			};
			name = Release;
		};
		D066F7F7216E1CD00056F76A /* Debug */ = {
			isa = XCBuildConfiguration;
			buildSettings = {
				BUNDLE_LOADER = "$(TEST_HOST)";
				CODE_SIGN_STYLE = Automatic;
				INFOPLIST_FILE = CurrencyCounterTests/Info.plist;
				LD_RUNPATH_SEARCH_PATHS = (
					"$(inherited)",
					"@executable_path/Frameworks",
					"@loader_path/Frameworks",
				);
				PRODUCT_BUNDLE_IDENTIFIER = org.peterstuart.CurrencyCounterTests;
				PRODUCT_NAME = "$(TARGET_NAME)";
				SWIFT_VERSION = 4.2;
				TARGETED_DEVICE_FAMILY = "1,2";
				TEST_HOST = "$(BUILT_PRODUCTS_DIR)/CurrencyCounter.app/CurrencyCounter";
			};
			name = Debug;
		};
		D066F7F8216E1CD00056F76A /* Release */ = {
			isa = XCBuildConfiguration;
			buildSettings = {
				BUNDLE_LOADER = "$(TEST_HOST)";
				CODE_SIGN_STYLE = Automatic;
				INFOPLIST_FILE = CurrencyCounterTests/Info.plist;
				LD_RUNPATH_SEARCH_PATHS = (
					"$(inherited)",
					"@executable_path/Frameworks",
					"@loader_path/Frameworks",
				);
				PRODUCT_BUNDLE_IDENTIFIER = org.peterstuart.CurrencyCounterTests;
				PRODUCT_NAME = "$(TARGET_NAME)";
				SWIFT_VERSION = 4.2;
				TARGETED_DEVICE_FAMILY = "1,2";
				TEST_HOST = "$(BUILT_PRODUCTS_DIR)/CurrencyCounter.app/CurrencyCounter";
			};
			name = Release;
		};
/* End XCBuildConfiguration section */

/* Begin XCConfigurationList section */
		D066F7CD216E13700056F76A /* Build configuration list for PBXProject "CurrencyCounter" */ = {
			isa = XCConfigurationList;
			buildConfigurations = (
				D066F7E2216E13740056F76A /* Debug */,
				D066F7E3216E13740056F76A /* Release */,
			);
			defaultConfigurationIsVisible = 0;
			defaultConfigurationName = Release;
		};
		D066F7E4216E13740056F76A /* Build configuration list for PBXNativeTarget "CurrencyCounter" */ = {
			isa = XCConfigurationList;
			buildConfigurations = (
				D066F7E5216E13740056F76A /* Debug */,
				D066F7E6216E13740056F76A /* Release */,
			);
			defaultConfigurationIsVisible = 0;
			defaultConfigurationName = Release;
		};
		D066F7F6216E1CD00056F76A /* Build configuration list for PBXNativeTarget "CurrencyCounterTests" */ = {
			isa = XCConfigurationList;
			buildConfigurations = (
				D066F7F7216E1CD00056F76A /* Debug */,
				D066F7F8216E1CD00056F76A /* Release */,
			);
			defaultConfigurationIsVisible = 0;
			defaultConfigurationName = Release;
		};
/* End XCConfigurationList section */
	};
	rootObject = D066F7CA216E13700056F76A /* Project object */;
}
